
Microsoft Visual Studio Solution File, Format Version 12.00
Project("{FAE04EC0-301F-11D3-BF4B-00C04F79EFBC}") = "Infrastructure.IntegrationTests", "test\Infrastructure.IntegrationTests\Infrastructure.IntegrationTests.csproj", "{8709B8C1-A35E-47CC-AE8E-F0D0F12DD1F9}"
EndProject
Project("{2150E333-8FDC-42A3-9474-1A3956D46DE8}") = "test", "test", "{95A7755F-78DC-43AB-A2B9-56664790ECFC}"
EndProject
Project("{FAE04EC0-301F-11D3-BF4B-00C04F79EFBC}") = "Infrastructure", "src\Infrastructure\Infrastructure.csproj", "{DBA9C754-F00E-4D96-BE27-5D69A926BC34}"
EndProject
Project("{2150E333-8FDC-42A3-9474-1A3956D46DE8}") = "src", "src", "{97B4711D-030F-4A14-A7BB-9489D150BD7B}"
EndProject
Project("{2150E333-8FDC-42A3-9474-1A3956D46DE8}") = "docs", "docs", "{912B4638-6692-40D6-9AD8-5B6CF3A2C586}"
	ProjectSection(SolutionItems) = preProject
		README.md = README.md
	EndProjectSection
EndProject
Project("{FAE04EC0-301F-11D3-BF4B-00C04F79EFBC}") = "Core.UnitTests", "test\Core.UnitTests\Core.UnitTests.csproj", "{4B90F3AB-BBFE-4368-8533-16244E1965FB}"
EndProject
Project("{FAE04EC0-301F-11D3-BF4B-00C04F79EFBC}") = "Core.IntegrationTests", "test\Core.IntegrationTests\Core.IntegrationTests.csproj", "{CBFE641B-EE87-4D9B-A465-C21B836F83F2}"
EndProject
Project("{FAE04EC0-301F-11D3-BF4B-00C04F79EFBC}") = "Api", "src\Api\Api.csproj", "{DECD680D-DBE3-4277-A4CF-62CD023DFDA1}"
EndProject
Project("{FAE04EC0-301F-11D3-BF4B-00C04F79EFBC}") = "Api.IntegrationTests", "test\Api.IntegrationTests\Api.IntegrationTests.csproj", "{B49A5050-2E8C-4DDD-A44A-CA1C0A59E350}"
EndProject
Project("{FAE04EC0-301F-11D3-BF4B-00C04F79EFBC}") = "Core", "src\Core\Core.csproj", "{A32F8E4E-F625-4732-A572-532D89CC4BAD}"
EndProject
Global
	GlobalSection(SolutionConfigurationPlatforms) = preSolution
		Debug|Any CPU = Debug|Any CPU
		Release|Any CPU = Release|Any CPU
	EndGlobalSection
	GlobalSection(ProjectConfigurationPlatforms) = postSolution
		{8709B8C1-A35E-47CC-AE8E-F0D0F12DD1F9}.Debug|Any CPU.ActiveCfg = Debug|Any CPU
		{8709B8C1-A35E-47CC-AE8E-F0D0F12DD1F9}.Debug|Any CPU.Build.0 = Debug|Any CPU
		{8709B8C1-A35E-47CC-AE8E-F0D0F12DD1F9}.Release|Any CPU.ActiveCfg = Release|Any CPU
		{8709B8C1-A35E-47CC-AE8E-F0D0F12DD1F9}.Release|Any CPU.Build.0 = Release|Any CPU
		{DBA9C754-F00E-4D96-BE27-5D69A926BC34}.Debug|Any CPU.ActiveCfg = Debug|Any CPU
		{DBA9C754-F00E-4D96-BE27-5D69A926BC34}.Debug|Any CPU.Build.0 = Debug|Any CPU
		{DBA9C754-F00E-4D96-BE27-5D69A926BC34}.Release|Any CPU.ActiveCfg = Release|Any CPU
		{DBA9C754-F00E-4D96-BE27-5D69A926BC34}.Release|Any CPU.Build.0 = Release|Any CPU
		{4B90F3AB-BBFE-4368-8533-16244E1965FB}.Debug|Any CPU.ActiveCfg = Debug|Any CPU
		{4B90F3AB-BBFE-4368-8533-16244E1965FB}.Debug|Any CPU.Build.0 = Debug|Any CPU
		{4B90F3AB-BBFE-4368-8533-16244E1965FB}.Release|Any CPU.ActiveCfg = Release|Any CPU
		{4B90F3AB-BBFE-4368-8533-16244E1965FB}.Release|Any CPU.Build.0 = Release|Any CPU
		{CBFE641B-EE87-4D9B-A465-C21B836F83F2}.Debug|Any CPU.ActiveCfg = Debug|Any CPU
		{CBFE641B-EE87-4D9B-A465-C21B836F83F2}.Debug|Any CPU.Build.0 = Debug|Any CPU
		{CBFE641B-EE87-4D9B-A465-C21B836F83F2}.Release|Any CPU.ActiveCfg = Release|Any CPU
		{CBFE641B-EE87-4D9B-A465-C21B836F83F2}.Release|Any CPU.Build.0 = Release|Any CPU
		{DECD680D-DBE3-4277-A4CF-62CD023DFDA1}.Debug|Any CPU.ActiveCfg = Debug|Any CPU
		{DECD680D-DBE3-4277-A4CF-62CD023DFDA1}.Debug|Any CPU.Build.0 = Debug|Any CPU
		{DECD680D-DBE3-4277-A4CF-62CD023DFDA1}.Release|Any CPU.ActiveCfg = Release|Any CPU
		{DECD680D-DBE3-4277-A4CF-62CD023DFDA1}.Release|Any CPU.Build.0 = Release|Any CPU
		{B49A5050-2E8C-4DDD-A44A-CA1C0A59E350}.Debug|Any CPU.ActiveCfg = Debug|Any CPU
		{B49A5050-2E8C-4DDD-A44A-CA1C0A59E350}.Debug|Any CPU.Build.0 = Debug|Any CPU
		{B49A5050-2E8C-4DDD-A44A-CA1C0A59E350}.Release|Any CPU.ActiveCfg = Release|Any CPU
		{B49A5050-2E8C-4DDD-A44A-CA1C0A59E350}.Release|Any CPU.Build.0 = Release|Any CPU
		{A32F8E4E-F625-4732-A572-532D89CC4BAD}.Debug|Any CPU.ActiveCfg = Debug|Any CPU
		{A32F8E4E-F625-4732-A572-532D89CC4BAD}.Debug|Any CPU.Build.0 = Debug|Any CPU
		{A32F8E4E-F625-4732-A572-532D89CC4BAD}.Release|Any CPU.ActiveCfg = Release|Any CPU
		{A32F8E4E-F625-4732-A572-532D89CC4BAD}.Release|Any CPU.Build.0 = Release|Any CPU
	EndGlobalSection
	GlobalSection(NestedProjects) = preSolution
		{8709B8C1-A35E-47CC-AE8E-F0D0F12DD1F9} = {95A7755F-78DC-43AB-A2B9-56664790ECFC}
		{DBA9C754-F00E-4D96-BE27-5D69A926BC34} = {97B4711D-030F-4A14-A7BB-9489D150BD7B}
		{4B90F3AB-BBFE-4368-8533-16244E1965FB} = {95A7755F-78DC-43AB-A2B9-56664790ECFC}
		{CBFE641B-EE87-4D9B-A465-C21B836F83F2} = {95A7755F-78DC-43AB-A2B9-56664790ECFC}
		{DECD680D-DBE3-4277-A4CF-62CD023DFDA1} = {97B4711D-030F-4A14-A7BB-9489D150BD7B}
		{B49A5050-2E8C-4DDD-A44A-CA1C0A59E350} = {95A7755F-78DC-43AB-A2B9-56664790ECFC}
		{A32F8E4E-F625-4732-A572-532D89CC4BAD} = {97B4711D-030F-4A14-A7BB-9489D150BD7B}
	EndGlobalSection
EndGlobal
